
Microsoft Visual Studio Solution File, Format Version 12.00
# Visual Studio Version 17
VisualStudioVersion = 17.9.34616.47
MinimumVisualStudioVersion = 10.0.40219.1
Project("{FAE04EC0-301F-11D3-BF4B-00C04F79EFBC}") = "Klientai", "Klientai\Klientai.csproj", "{53D2F416-B004-48ED-BBB9-7888C451851C}"
EndProject
Project("{FAE04EC0-301F-11D3-BF4B-00C04F79EFBC}") = "Klientai.Core", "Klientai.Core\Klientai.Core.csproj", "{36ED52CC-1AF1-4DC0-A222-8C9AE2904D53}"
EndProject
Global
	GlobalSection(SolutionConfigurationPlatforms) = preSolution
		Debug|Any CPU = Debug|Any CPU
		Release|Any CPU = Release|Any CPU
	EndGlobalSection
	GlobalSection(ProjectConfigurationPlatforms) = postSolution
		{53D2F416-B004-48ED-BBB9-7888C451851C}.Debug|Any CPU.ActiveCfg = Debug|Any CPU
		{53D2F416-B004-48ED-BBB9-7888C451851C}.Debug|Any CPU.Build.0 = Debug|Any CPU
		{53D2F416-B004-48ED-BBB9-7888C451851C}.Release|Any CPU.ActiveCfg = Release|Any CPU
		{53D2F416-B004-48ED-BBB9-7888C451851C}.Release|Any CPU.Build.0 = Release|Any CPU
		{36ED52CC-1AF1-4DC0-A222-8C9AE2904D53}.Debug|Any CPU.ActiveCfg = Debug|Any CPU
		{36ED52CC-1AF1-4DC0-A222-8C9AE2904D53}.Debug|Any CPU.Build.0 = Debug|Any CPU
		{36ED52CC-1AF1-4DC0-A222-8C9AE2904D53}.Release|Any CPU.ActiveCfg = Release|Any CPU
		{36ED52CC-1AF1-4DC0-A222-8C9AE2904D53}.Release|Any CPU.Build.0 = Release|Any CPU
	EndGlobalSection
	GlobalSection(SolutionProperties) = preSolution
		HideSolutionNode = FALSE
	EndGlobalSection
	GlobalSection(ExtensibilityGlobals) = postSolution
		SolutionGuid = {4EA6D06D-4C9B-4289-B71C-A2BA60C987B4}
	EndGlobalSection
EndGlobal
